
Microsoft Visual Studio Solution File, Format Version 12.00
# Visual Studio Version 17
VisualStudioVersion = 17.8.34309.116
MinimumVisualStudioVersion = 10.0.40219.1
Project("{FAE04EC0-301F-11D3-BF4B-00C04F79EFBC}") = "P01Dziedziczenie", "P01Dziedziczenie\P01Dziedziczenie.csproj", "{9F8115B2-8EE4-4C4B-901E-069DAD17BCD1}"
EndProject
Project("{FAE04EC0-301F-11D3-BF4B-00C04F79EFBC}") = "P02ZadanieDziedziczenie", "P02ZadanieDziedziczenie\P02ZadanieDziedziczenie.csproj", "{4786F1D9-8C23-47F1-B248-FD002D2F1D20}"
EndProject
Project("{FAE04EC0-301F-11D3-BF4B-00C04F79EFBC}") = "P03Interfejsy", "P03Interfejsy\P03Interfejsy.csproj", "{2FCA10C7-AD62-4A43-BB2D-7F73C7383265}"
EndProject
Project("{FAE04EC0-301F-11D3-BF4B-00C04F79EFBC}") = "P04Intrefejsy", "P04Intrefejsy\P04Intrefejsy.csproj", "{3736F10D-7609-465E-B7DB-044FC5BA8B0A}"
EndProject
Project("{FAE04EC0-301F-11D3-BF4B-00C04F79EFBC}") = "P05Intrefejsy", "P05Intrefejsy\P05Intrefejsy.csproj", "{8709578E-5C62-4ADC-B3E2-47EAE5244AFF}"
EndProject
Project("{FAE04EC0-301F-11D3-BF4B-00C04F79EFBC}") = "P06Zawodnicy.Shared", "P06Zawodnicy.Shared\P06Zawodnicy.Shared.csproj", "{2F0C45D6-2022-41CD-A1A0-A805BF4E6FF9}"
EndProject
Project("{FAE04EC0-301F-11D3-BF4B-00C04F79EFBC}") = "P07ZawodnicyTrenerzy", "P07ZawodnicyTrenerzy\P07ZawodnicyTrenerzy.csproj", "{6D9FB795-44E9-4006-BCA9-DA3FD282DDE9}"
EndProject
Project("{FAE04EC0-301F-11D3-BF4B-00C04F79EFBC}") = "P08PolaczenieZBaza", "P08PolaczenieZBaza\P08PolaczenieZBaza.csproj", "{79A58E5D-09C7-4189-9DF6-7A3B8CAB0196}"
EndProject
Global
	GlobalSection(SolutionConfigurationPlatforms) = preSolution
		Debug|Any CPU = Debug|Any CPU
		Release|Any CPU = Release|Any CPU
	EndGlobalSection
	GlobalSection(ProjectConfigurationPlatforms) = postSolution
		{9F8115B2-8EE4-4C4B-901E-069DAD17BCD1}.Debug|Any CPU.ActiveCfg = Debug|Any CPU
		{9F8115B2-8EE4-4C4B-901E-069DAD17BCD1}.Debug|Any CPU.Build.0 = Debug|Any CPU
		{9F8115B2-8EE4-4C4B-901E-069DAD17BCD1}.Release|Any CPU.ActiveCfg = Release|Any CPU
		{9F8115B2-8EE4-4C4B-901E-069DAD17BCD1}.Release|Any CPU.Build.0 = Release|Any CPU
		{4786F1D9-8C23-47F1-B248-FD002D2F1D20}.Debug|Any CPU.ActiveCfg = Debug|Any CPU
		{4786F1D9-8C23-47F1-B248-FD002D2F1D20}.Debug|Any CPU.Build.0 = Debug|Any CPU
		{4786F1D9-8C23-47F1-B248-FD002D2F1D20}.Release|Any CPU.ActiveCfg = Release|Any CPU
		{4786F1D9-8C23-47F1-B248-FD002D2F1D20}.Release|Any CPU.Build.0 = Release|Any CPU
		{2FCA10C7-AD62-4A43-BB2D-7F73C7383265}.Debug|Any CPU.ActiveCfg = Debug|Any CPU
		{2FCA10C7-AD62-4A43-BB2D-7F73C7383265}.Debug|Any CPU.Build.0 = Debug|Any CPU
		{2FCA10C7-AD62-4A43-BB2D-7F73C7383265}.Release|Any CPU.ActiveCfg = Release|Any CPU
		{2FCA10C7-AD62-4A43-BB2D-7F73C7383265}.Release|Any CPU.Build.0 = Release|Any CPU
		{3736F10D-7609-465E-B7DB-044FC5BA8B0A}.Debug|Any CPU.ActiveCfg = Debug|Any CPU
		{3736F10D-7609-465E-B7DB-044FC5BA8B0A}.Debug|Any CPU.Build.0 = Debug|Any CPU
		{3736F10D-7609-465E-B7DB-044FC5BA8B0A}.Release|Any CPU.ActiveCfg = Release|Any CPU
		{3736F10D-7609-465E-B7DB-044FC5BA8B0A}.Release|Any CPU.Build.0 = Release|Any CPU
		{8709578E-5C62-4ADC-B3E2-47EAE5244AFF}.Debug|Any CPU.ActiveCfg = Debug|Any CPU
		{8709578E-5C62-4ADC-B3E2-47EAE5244AFF}.Debug|Any CPU.Build.0 = Debug|Any CPU
		{8709578E-5C62-4ADC-B3E2-47EAE5244AFF}.Release|Any CPU.ActiveCfg = Release|Any CPU
		{8709578E-5C62-4ADC-B3E2-47EAE5244AFF}.Release|Any CPU.Build.0 = Release|Any CPU
		{2F0C45D6-2022-41CD-A1A0-A805BF4E6FF9}.Debug|Any CPU.ActiveCfg = Debug|Any CPU
		{2F0C45D6-2022-41CD-A1A0-A805BF4E6FF9}.Debug|Any CPU.Build.0 = Debug|Any CPU
		{2F0C45D6-2022-41CD-A1A0-A805BF4E6FF9}.Release|Any CPU.ActiveCfg = Release|Any CPU
		{2F0C45D6-2022-41CD-A1A0-A805BF4E6FF9}.Release|Any CPU.Build.0 = Release|Any CPU
		{6D9FB795-44E9-4006-BCA9-DA3FD282DDE9}.Debug|Any CPU.ActiveCfg = Debug|Any CPU
		{6D9FB795-44E9-4006-BCA9-DA3FD282DDE9}.Debug|Any CPU.Build.0 = Debug|Any CPU
		{6D9FB795-44E9-4006-BCA9-DA3FD282DDE9}.Release|Any CPU.ActiveCfg = Release|Any CPU
		{6D9FB795-44E9-4006-BCA9-DA3FD282DDE9}.Release|Any CPU.Build.0 = Release|Any CPU
		{79A58E5D-09C7-4189-9DF6-7A3B8CAB0196}.Debug|Any CPU.ActiveCfg = Debug|Any CPU
		{79A58E5D-09C7-4189-9DF6-7A3B8CAB0196}.Debug|Any CPU.Build.0 = Debug|Any CPU
		{79A58E5D-09C7-4189-9DF6-7A3B8CAB0196}.Release|Any CPU.ActiveCfg = Release|Any CPU
		{79A58E5D-09C7-4189-9DF6-7A3B8CAB0196}.Release|Any CPU.Build.0 = Release|Any CPU
	EndGlobalSection
	GlobalSection(SolutionProperties) = preSolution
		HideSolutionNode = FALSE
	EndGlobalSection
	GlobalSection(ExtensibilityGlobals) = postSolution
		SolutionGuid = {CA7DFED3-5198-41C3-8FB5-4593A9620361}
	EndGlobalSection
EndGlobal
