
Microsoft Visual Studio Solution File, Format Version 12.00
# Visual Studio Version 17
VisualStudioVersion = 17.8.34309.116
MinimumVisualStudioVersion = 10.0.40219.1
Project("{FAE04EC0-301F-11D3-BF4B-00C04F79EFBC}") = "P01ORMWstep", "P01ORMWstep\P01ORMWstep.csproj", "{3F9893D7-CEE9-4F8D-BE97-44D8500B67F5}"
EndProject
Global
	GlobalSection(SolutionConfigurationPlatforms) = preSolution
		Debug|Any CPU = Debug|Any CPU
		Release|Any CPU = Release|Any CPU
	EndGlobalSection
	GlobalSection(ProjectConfigurationPlatforms) = postSolution
		{3F9893D7-CEE9-4F8D-BE97-44D8500B67F5}.Debug|Any CPU.ActiveCfg = Debug|Any CPU
		{3F9893D7-CEE9-4F8D-BE97-44D8500B67F5}.Debug|Any CPU.Build.0 = Debug|Any CPU
		{3F9893D7-CEE9-4F8D-BE97-44D8500B67F5}.Release|Any CPU.ActiveCfg = Release|Any CPU
		{3F9893D7-CEE9-4F8D-BE97-44D8500B67F5}.Release|Any CPU.Build.0 = Release|Any CPU
	EndGlobalSection
	GlobalSection(SolutionProperties) = preSolution
		HideSolutionNode = FALSE
	EndGlobalSection
	GlobalSection(ExtensibilityGlobals) = postSolution
		SolutionGuid = {F93C757E-C295-486F-BF0E-794A51403790}
	EndGlobalSection
EndGlobal
